
Microsoft Visual Studio Solution File, Format Version 12.00
# Visual Studio Version 17
VisualStudioVersion = 17.9.34728.123
MinimumVisualStudioVersion = 10.0.40219.1
Project("{2150E333-8FDC-42A3-9474-1A3956D46DE8}") = "Catalog", "Catalog", "{CB0E90D3-4D56-453D-A716-122F9BB10F62}"
EndProject
Project("{2150E333-8FDC-42A3-9474-1A3956D46DE8}") = "Services", "Services", "{431FD19F-641C-45B9-B1D8-3F106FC5B0DC}"
EndProject
Project("{9A19103F-16F7-4668-BE54-9A1E7A4F7556}") = "Catalog.API", "Services\Catalog\Catalog.API\Catalog.API.csproj", "{54EC6F23-E4AC-47B2-AF44-9BF555CC9DFC}"
	ProjectSection(ProjectDependencies) = postProject
		{CC11AF0B-7C13-44F2-BF86-A4ABFF8C0F2A} = {CC11AF0B-7C13-44F2-BF86-A4ABFF8C0F2A}
	EndProjectSection
EndProject
Project("{9A19103F-16F7-4668-BE54-9A1E7A4F7556}") = "Catalog.Core", "Services\Catalog\Catalog.Core\Catalog.Core.csproj", "{914BB7F3-8833-4063-AD5D-121086380E5B}"
EndProject
Project("{9A19103F-16F7-4668-BE54-9A1E7A4F7556}") = "Catalog.Application", "Services\Catalog\Catalog.Application\Catalog.Application.csproj", "{CC11AF0B-7C13-44F2-BF86-A4ABFF8C0F2A}"
	ProjectSection(ProjectDependencies) = postProject
		{914BB7F3-8833-4063-AD5D-121086380E5B} = {914BB7F3-8833-4063-AD5D-121086380E5B}
	EndProjectSection
EndProject
Project("{9A19103F-16F7-4668-BE54-9A1E7A4F7556}") = "Catalog.Tests", "Services\Catalog\Catalog.Tests\Catalog.Tests.csproj", "{A8EE49D5-AA3F-4BD3-AE2E-1FFC6975E595}"
EndProject
Project("{9A19103F-16F7-4668-BE54-9A1E7A4F7556}") = "_build", "build\_build.csproj", "{E7430B2F-313F-4661-B67C-B47C72E8AF9D}"
EndProject
Project("{9A19103F-16F7-4668-BE54-9A1E7A4F7556}") = "Catalog.Infrastructure", "Services\Catalog\Catalog.Infrastructure\Catalog.Infrastructure.csproj", "{AFA11BE8-3014-4637-A542-08764D2083E0}"
EndProject
Project("{E53339B2-1760-4266-BCC7-CA923CBCF16C}") = "docker-compose", "docker-compose.dcproj", "{9F6CE550-82DC-4292-BDC8-C8E048A232FF}"
EndProject
Project("{2150E333-8FDC-42A3-9474-1A3956D46DE8}") = "Cart", "Cart", "{B4D8C55C-05C6-4529-852E-54E261305D04}"
EndProject
Project("{9A19103F-16F7-4668-BE54-9A1E7A4F7556}") = "Cart.API", "Services\Cart\Cart.API\Cart.API.csproj", "{BF681CD6-4678-4A40-BE16-B880168EAB37}"
EndProject
Project("{9A19103F-16F7-4668-BE54-9A1E7A4F7556}") = "Cart.Core", "Services\Cart\Cart.Core\Cart.Core.csproj", "{E28A5E45-5DD1-4CF6-9B22-CB037ECA16A3}"
EndProject
Project("{9A19103F-16F7-4668-BE54-9A1E7A4F7556}") = "Cart.Application", "Services\Cart\Cart.Application\Cart.Application.csproj", "{2D04618B-E98F-4952-99C5-D4139F2C3241}"
EndProject
Project("{9A19103F-16F7-4668-BE54-9A1E7A4F7556}") = "Cart.Infrastructure", "Services\Cart\Cart.Infrastructure\Cart.Infrastructure.csproj", "{5686BC3E-406D-4B72-8282-91D457A756D3}"
EndProject
Global
	GlobalSection(SolutionConfigurationPlatforms) = preSolution
		Debug|Any CPU = Debug|Any CPU
		Release|Any CPU = Release|Any CPU
	EndGlobalSection
	GlobalSection(ProjectConfigurationPlatforms) = postSolution
		{54EC6F23-E4AC-47B2-AF44-9BF555CC9DFC}.Debug|Any CPU.ActiveCfg = Debug|Any CPU
		{54EC6F23-E4AC-47B2-AF44-9BF555CC9DFC}.Debug|Any CPU.Build.0 = Debug|Any CPU
		{54EC6F23-E4AC-47B2-AF44-9BF555CC9DFC}.Release|Any CPU.ActiveCfg = Release|Any CPU
		{54EC6F23-E4AC-47B2-AF44-9BF555CC9DFC}.Release|Any CPU.Build.0 = Release|Any CPU
		{914BB7F3-8833-4063-AD5D-121086380E5B}.Debug|Any CPU.ActiveCfg = Debug|Any CPU
		{914BB7F3-8833-4063-AD5D-121086380E5B}.Debug|Any CPU.Build.0 = Debug|Any CPU
		{914BB7F3-8833-4063-AD5D-121086380E5B}.Release|Any CPU.ActiveCfg = Release|Any CPU
		{914BB7F3-8833-4063-AD5D-121086380E5B}.Release|Any CPU.Build.0 = Release|Any CPU
		{CC11AF0B-7C13-44F2-BF86-A4ABFF8C0F2A}.Debug|Any CPU.ActiveCfg = Debug|Any CPU
		{CC11AF0B-7C13-44F2-BF86-A4ABFF8C0F2A}.Debug|Any CPU.Build.0 = Debug|Any CPU
		{CC11AF0B-7C13-44F2-BF86-A4ABFF8C0F2A}.Release|Any CPU.ActiveCfg = Release|Any CPU
		{CC11AF0B-7C13-44F2-BF86-A4ABFF8C0F2A}.Release|Any CPU.Build.0 = Release|Any CPU
		{A8EE49D5-AA3F-4BD3-AE2E-1FFC6975E595}.Debug|Any CPU.ActiveCfg = Debug|Any CPU
		{A8EE49D5-AA3F-4BD3-AE2E-1FFC6975E595}.Debug|Any CPU.Build.0 = Debug|Any CPU
		{A8EE49D5-AA3F-4BD3-AE2E-1FFC6975E595}.Release|Any CPU.ActiveCfg = Release|Any CPU
		{A8EE49D5-AA3F-4BD3-AE2E-1FFC6975E595}.Release|Any CPU.Build.0 = Release|Any CPU
		{E7430B2F-313F-4661-B67C-B47C72E8AF9D}.Debug|Any CPU.ActiveCfg = Debug|Any CPU
		{E7430B2F-313F-4661-B67C-B47C72E8AF9D}.Release|Any CPU.ActiveCfg = Release|Any CPU
		{AFA11BE8-3014-4637-A542-08764D2083E0}.Debug|Any CPU.ActiveCfg = Debug|Any CPU
		{AFA11BE8-3014-4637-A542-08764D2083E0}.Debug|Any CPU.Build.0 = Debug|Any CPU
		{AFA11BE8-3014-4637-A542-08764D2083E0}.Release|Any CPU.ActiveCfg = Release|Any CPU
		{AFA11BE8-3014-4637-A542-08764D2083E0}.Release|Any CPU.Build.0 = Release|Any CPU
		{9F6CE550-82DC-4292-BDC8-C8E048A232FF}.Debug|Any CPU.ActiveCfg = Debug|Any CPU
		{9F6CE550-82DC-4292-BDC8-C8E048A232FF}.Debug|Any CPU.Build.0 = Debug|Any CPU
		{9F6CE550-82DC-4292-BDC8-C8E048A232FF}.Release|Any CPU.ActiveCfg = Release|Any CPU
		{9F6CE550-82DC-4292-BDC8-C8E048A232FF}.Release|Any CPU.Build.0 = Release|Any CPU
		{BF681CD6-4678-4A40-BE16-B880168EAB37}.Debug|Any CPU.ActiveCfg = Debug|Any CPU
		{BF681CD6-4678-4A40-BE16-B880168EAB37}.Debug|Any CPU.Build.0 = Debug|Any CPU
		{BF681CD6-4678-4A40-BE16-B880168EAB37}.Release|Any CPU.ActiveCfg = Release|Any CPU
		{BF681CD6-4678-4A40-BE16-B880168EAB37}.Release|Any CPU.Build.0 = Release|Any CPU
		{E28A5E45-5DD1-4CF6-9B22-CB037ECA16A3}.Debug|Any CPU.ActiveCfg = Debug|Any CPU
		{E28A5E45-5DD1-4CF6-9B22-CB037ECA16A3}.Debug|Any CPU.Build.0 = Debug|Any CPU
		{E28A5E45-5DD1-4CF6-9B22-CB037ECA16A3}.Release|Any CPU.ActiveCfg = Release|Any CPU
		{E28A5E45-5DD1-4CF6-9B22-CB037ECA16A3}.Release|Any CPU.Build.0 = Release|Any CPU
		{2D04618B-E98F-4952-99C5-D4139F2C3241}.Debug|Any CPU.ActiveCfg = Debug|Any CPU
		{2D04618B-E98F-4952-99C5-D4139F2C3241}.Debug|Any CPU.Build.0 = Debug|Any CPU
		{2D04618B-E98F-4952-99C5-D4139F2C3241}.Release|Any CPU.ActiveCfg = Release|Any CPU
		{2D04618B-E98F-4952-99C5-D4139F2C3241}.Release|Any CPU.Build.0 = Release|Any CPU
		{5686BC3E-406D-4B72-8282-91D457A756D3}.Debug|Any CPU.ActiveCfg = Debug|Any CPU
		{5686BC3E-406D-4B72-8282-91D457A756D3}.Debug|Any CPU.Build.0 = Debug|Any CPU
		{5686BC3E-406D-4B72-8282-91D457A756D3}.Release|Any CPU.ActiveCfg = Release|Any CPU
		{5686BC3E-406D-4B72-8282-91D457A756D3}.Release|Any CPU.Build.0 = Release|Any CPU
	EndGlobalSection
	GlobalSection(SolutionProperties) = preSolution
		HideSolutionNode = FALSE
	EndGlobalSection
	GlobalSection(NestedProjects) = preSolution
		{CB0E90D3-4D56-453D-A716-122F9BB10F62} = {431FD19F-641C-45B9-B1D8-3F106FC5B0DC}
		{54EC6F23-E4AC-47B2-AF44-9BF555CC9DFC} = {CB0E90D3-4D56-453D-A716-122F9BB10F62}
		{914BB7F3-8833-4063-AD5D-121086380E5B} = {CB0E90D3-4D56-453D-A716-122F9BB10F62}
		{CC11AF0B-7C13-44F2-BF86-A4ABFF8C0F2A} = {CB0E90D3-4D56-453D-A716-122F9BB10F62}
		{A8EE49D5-AA3F-4BD3-AE2E-1FFC6975E595} = {CB0E90D3-4D56-453D-A716-122F9BB10F62}
		{AFA11BE8-3014-4637-A542-08764D2083E0} = {CB0E90D3-4D56-453D-A716-122F9BB10F62}
		{B4D8C55C-05C6-4529-852E-54E261305D04} = {431FD19F-641C-45B9-B1D8-3F106FC5B0DC}
		{BF681CD6-4678-4A40-BE16-B880168EAB37} = {B4D8C55C-05C6-4529-852E-54E261305D04}
		{E28A5E45-5DD1-4CF6-9B22-CB037ECA16A3} = {B4D8C55C-05C6-4529-852E-54E261305D04}
		{2D04618B-E98F-4952-99C5-D4139F2C3241} = {B4D8C55C-05C6-4529-852E-54E261305D04}
		{5686BC3E-406D-4B72-8282-91D457A756D3} = {B4D8C55C-05C6-4529-852E-54E261305D04}
	EndGlobalSection
	GlobalSection(ExtensibilityGlobals) = postSolution
		SolutionGuid = {79D2821C-BDB2-4181-862B-65C52813A9EA}
	EndGlobalSection
EndGlobal
